
Microsoft Visual Studio Solution File, Format Version 12.00
# Visual Studio 15
VisualStudioVersion = 15.0.27428.2037
MinimumVisualStudioVersion = 10.0.40219.1
Project("{FAE04EC0-301F-11D3-BF4B-00C04F79EFBC}") = "App1.Android", "App1\App1.Android\App1.Android.csproj", "{55155593-510E-4521-B7F3-560D1579F733}"
EndProject
Project("{FAE04EC0-301F-11D3-BF4B-00C04F79EFBC}") = "App1.iOS", "App1\App1.iOS\App1.iOS.csproj", "{172F81E2-64BA-42D3-99DC-3CFE7A6561E6}"
EndProject
Project("{FAE04EC0-301F-11D3-BF4B-00C04F79EFBC}") = "App1.UWP", "App1\App1.UWP\App1.UWP.csproj", "{646721A5-AA2E-401F-90FC-DC4AAB1F1392}"
EndProject
Project("{FAE04EC0-301F-11D3-BF4B-00C04F79EFBC}") = "App1", "App1\App1\App1.csproj", "{0E1B21D5-105D-4D3B-AC50-89E3C8DD0CCB}"
EndProject
Global
	GlobalSection(SolutionConfigurationPlatforms) = preSolution
		Ad-Hoc|Any CPU = Ad-Hoc|Any CPU
		Ad-Hoc|ARM = Ad-Hoc|ARM
		Ad-Hoc|iPhone = Ad-Hoc|iPhone
		Ad-Hoc|iPhoneSimulator = Ad-Hoc|iPhoneSimulator
		Ad-Hoc|x64 = Ad-Hoc|x64
		Ad-Hoc|x86 = Ad-Hoc|x86
		AppStore|Any CPU = AppStore|Any CPU
		AppStore|ARM = AppStore|ARM
		AppStore|iPhone = AppStore|iPhone
		AppStore|iPhoneSimulator = AppStore|iPhoneSimulator
		AppStore|x64 = AppStore|x64
		AppStore|x86 = AppStore|x86
		Debug|Any CPU = Debug|Any CPU
		Debug|ARM = Debug|ARM
		Debug|iPhone = Debug|iPhone
		Debug|iPhoneSimulator = Debug|iPhoneSimulator
		Debug|x64 = Debug|x64
		Debug|x86 = Debug|x86
		Release|Any CPU = Release|Any CPU
		Release|ARM = Release|ARM
		Release|iPhone = Release|iPhone
		Release|iPhoneSimulator = Release|iPhoneSimulator
		Release|x64 = Release|x64
		Release|x86 = Release|x86
	EndGlobalSection
	GlobalSection(ProjectConfigurationPlatforms) = postSolution
		{55155593-510E-4521-B7F3-560D1579F733}.Ad-Hoc|Any CPU.ActiveCfg = Release|Any CPU
		{55155593-510E-4521-B7F3-560D1579F733}.Ad-Hoc|Any CPU.Build.0 = Release|Any CPU
		{55155593-510E-4521-B7F3-560D1579F733}.Ad-Hoc|Any CPU.Deploy.0 = Release|Any CPU
		{55155593-510E-4521-B7F3-560D1579F733}.Ad-Hoc|ARM.ActiveCfg = Release|Any CPU
		{55155593-510E-4521-B7F3-560D1579F733}.Ad-Hoc|ARM.Build.0 = Release|Any CPU
		{55155593-510E-4521-B7F3-560D1579F733}.Ad-Hoc|ARM.Deploy.0 = Release|Any CPU
		{55155593-510E-4521-B7F3-560D1579F733}.Ad-Hoc|iPhone.ActiveCfg = Release|Any CPU
		{55155593-510E-4521-B7F3-560D1579F733}.Ad-Hoc|iPhone.Build.0 = Release|Any CPU
		{55155593-510E-4521-B7F3-560D1579F733}.Ad-Hoc|iPhone.Deploy.0 = Release|Any CPU
		{55155593-510E-4521-B7F3-560D1579F733}.Ad-Hoc|iPhoneSimulator.ActiveCfg = Release|Any CPU
		{55155593-510E-4521-B7F3-560D1579F733}.Ad-Hoc|iPhoneSimulator.Build.0 = Release|Any CPU
		{55155593-510E-4521-B7F3-560D1579F733}.Ad-Hoc|iPhoneSimulator.Deploy.0 = Release|Any CPU
		{55155593-510E-4521-B7F3-560D1579F733}.Ad-Hoc|x64.ActiveCfg = Release|Any CPU
		{55155593-510E-4521-B7F3-560D1579F733}.Ad-Hoc|x64.Build.0 = Release|Any CPU
		{55155593-510E-4521-B7F3-560D1579F733}.Ad-Hoc|x64.Deploy.0 = Release|Any CPU
		{55155593-510E-4521-B7F3-560D1579F733}.Ad-Hoc|x86.ActiveCfg = Release|Any CPU
		{55155593-510E-4521-B7F3-560D1579F733}.Ad-Hoc|x86.Build.0 = Release|Any CPU
		{55155593-510E-4521-B7F3-560D1579F733}.Ad-Hoc|x86.Deploy.0 = Release|Any CPU
		{55155593-510E-4521-B7F3-560D1579F733}.AppStore|Any CPU.ActiveCfg = Release|Any CPU
		{55155593-510E-4521-B7F3-560D1579F733}.AppStore|Any CPU.Build.0 = Release|Any CPU
		{55155593-510E-4521-B7F3-560D1579F733}.AppStore|Any CPU.Deploy.0 = Release|Any CPU
		{55155593-510E-4521-B7F3-560D1579F733}.AppStore|ARM.ActiveCfg = Release|Any CPU
		{55155593-510E-4521-B7F3-560D1579F733}.AppStore|ARM.Build.0 = Release|Any CPU
		{55155593-510E-4521-B7F3-560D1579F733}.AppStore|ARM.Deploy.0 = Release|Any CPU
		{55155593-510E-4521-B7F3-560D1579F733}.AppStore|iPhone.ActiveCfg = Release|Any CPU
		{55155593-510E-4521-B7F3-560D1579F733}.AppStore|iPhone.Build.0 = Release|Any CPU
		{55155593-510E-4521-B7F3-560D1579F733}.AppStore|iPhone.Deploy.0 = Release|Any CPU
		{55155593-510E-4521-B7F3-560D1579F733}.AppStore|iPhoneSimulator.ActiveCfg = Release|Any CPU
		{55155593-510E-4521-B7F3-560D1579F733}.AppStore|iPhoneSimulator.Build.0 = Release|Any CPU
		{55155593-510E-4521-B7F3-560D1579F733}.AppStore|iPhoneSimulator.Deploy.0 = Release|Any CPU
		{55155593-510E-4521-B7F3-560D1579F733}.AppStore|x64.ActiveCfg = Release|Any CPU
		{55155593-510E-4521-B7F3-560D1579F733}.AppStore|x64.Build.0 = Release|Any CPU
		{55155593-510E-4521-B7F3-560D1579F733}.AppStore|x64.Deploy.0 = Release|Any CPU
		{55155593-510E-4521-B7F3-560D1579F733}.AppStore|x86.ActiveCfg = Release|Any CPU
		{55155593-510E-4521-B7F3-560D1579F733}.AppStore|x86.Build.0 = Release|Any CPU
		{55155593-510E-4521-B7F3-560D1579F733}.AppStore|x86.Deploy.0 = Release|Any CPU
		{55155593-510E-4521-B7F3-560D1579F733}.Debug|Any CPU.ActiveCfg = Debug|Any CPU
		{55155593-510E-4521-B7F3-560D1579F733}.Debug|Any CPU.Build.0 = Debug|Any CPU
		{55155593-510E-4521-B7F3-560D1579F733}.Debug|Any CPU.Deploy.0 = Debug|Any CPU
		{55155593-510E-4521-B7F3-560D1579F733}.Debug|ARM.ActiveCfg = Debug|Any CPU
		{55155593-510E-4521-B7F3-560D1579F733}.Debug|ARM.Build.0 = Debug|Any CPU
		{55155593-510E-4521-B7F3-560D1579F733}.Debug|ARM.Deploy.0 = Debug|Any CPU
		{55155593-510E-4521-B7F3-560D1579F733}.Debug|iPhone.ActiveCfg = Debug|Any CPU
		{55155593-510E-4521-B7F3-560D1579F733}.Debug|iPhone.Build.0 = Debug|Any CPU
		{55155593-510E-4521-B7F3-560D1579F733}.Debug|iPhone.Deploy.0 = Debug|Any CPU
		{55155593-510E-4521-B7F3-560D1579F733}.Debug|iPhoneSimulator.ActiveCfg = Debug|Any CPU
		{55155593-510E-4521-B7F3-560D1579F733}.Debug|iPhoneSimulator.Build.0 = Debug|Any CPU
		{55155593-510E-4521-B7F3-560D1579F733}.Debug|iPhoneSimulator.Deploy.0 = Debug|Any CPU
		{55155593-510E-4521-B7F3-560D1579F733}.Debug|x64.ActiveCfg = Debug|Any CPU
		{55155593-510E-4521-B7F3-560D1579F733}.Debug|x64.Build.0 = Debug|Any CPU
		{55155593-510E-4521-B7F3-560D1579F733}.Debug|x64.Deploy.0 = Debug|Any CPU
		{55155593-510E-4521-B7F3-560D1579F733}.Debug|x86.ActiveCfg = Debug|Any CPU
		{55155593-510E-4521-B7F3-560D1579F733}.Debug|x86.Build.0 = Debug|Any CPU
		{55155593-510E-4521-B7F3-560D1579F733}.Debug|x86.Deploy.0 = Debug|Any CPU
		{55155593-510E-4521-B7F3-560D1579F733}.Release|Any CPU.ActiveCfg = Release|Any CPU
		{55155593-510E-4521-B7F3-560D1579F733}.Release|Any CPU.Build.0 = Release|Any CPU
		{55155593-510E-4521-B7F3-560D1579F733}.Release|Any CPU.Deploy.0 = Release|Any CPU
		{55155593-510E-4521-B7F3-560D1579F733}.Release|ARM.ActiveCfg = Release|Any CPU
		{55155593-510E-4521-B7F3-560D1579F733}.Release|ARM.Build.0 = Release|Any CPU
		{55155593-510E-4521-B7F3-560D1579F733}.Release|ARM.Deploy.0 = Release|Any CPU
		{55155593-510E-4521-B7F3-560D1579F733}.Release|iPhone.ActiveCfg = Release|Any CPU
		{55155593-510E-4521-B7F3-560D1579F733}.Release|iPhone.Build.0 = Release|Any CPU
		{55155593-510E-4521-B7F3-560D1579F733}.Release|iPhone.Deploy.0 = Release|Any CPU
		{55155593-510E-4521-B7F3-560D1579F733}.Release|iPhoneSimulator.ActiveCfg = Release|Any CPU
		{55155593-510E-4521-B7F3-560D1579F733}.Release|iPhoneSimulator.Build.0 = Release|Any CPU
		{55155593-510E-4521-B7F3-560D1579F733}.Release|iPhoneSimulator.Deploy.0 = Release|Any CPU
		{55155593-510E-4521-B7F3-560D1579F733}.Release|x64.ActiveCfg = Release|Any CPU
		{55155593-510E-4521-B7F3-560D1579F733}.Release|x64.Build.0 = Release|Any CPU
		{55155593-510E-4521-B7F3-560D1579F733}.Release|x64.Deploy.0 = Release|Any CPU
		{55155593-510E-4521-B7F3-560D1579F733}.Release|x86.ActiveCfg = Release|Any CPU
		{55155593-510E-4521-B7F3-560D1579F733}.Release|x86.Build.0 = Release|Any CPU
		{55155593-510E-4521-B7F3-560D1579F733}.Release|x86.Deploy.0 = Release|Any CPU
		{172F81E2-64BA-42D3-99DC-3CFE7A6561E6}.Ad-Hoc|Any CPU.ActiveCfg = Ad-Hoc|iPhone
		{172F81E2-64BA-42D3-99DC-3CFE7A6561E6}.Ad-Hoc|ARM.ActiveCfg = Ad-Hoc|iPhone
		{172F81E2-64BA-42D3-99DC-3CFE7A6561E6}.Ad-Hoc|iPhone.ActiveCfg = Ad-Hoc|iPhone
		{172F81E2-64BA-42D3-99DC-3CFE7A6561E6}.Ad-Hoc|iPhone.Build.0 = Ad-Hoc|iPhone
		{172F81E2-64BA-42D3-99DC-3CFE7A6561E6}.Ad-Hoc|iPhoneSimulator.ActiveCfg = Ad-Hoc|iPhoneSimulator
		{172F81E2-64BA-42D3-99DC-3CFE7A6561E6}.Ad-Hoc|iPhoneSimulator.Build.0 = Ad-Hoc|iPhoneSimulator
		{172F81E2-64BA-42D3-99DC-3CFE7A6561E6}.Ad-Hoc|x64.ActiveCfg = Ad-Hoc|iPhone
		{172F81E2-64BA-42D3-99DC-3CFE7A6561E6}.Ad-Hoc|x86.ActiveCfg = Ad-Hoc|iPhone
		{172F81E2-64BA-42D3-99DC-3CFE7A6561E6}.AppStore|Any CPU.ActiveCfg = AppStore|iPhone
		{172F81E2-64BA-42D3-99DC-3CFE7A6561E6}.AppStore|ARM.ActiveCfg = AppStore|iPhone
		{172F81E2-64BA-42D3-99DC-3CFE7A6561E6}.AppStore|iPhone.ActiveCfg = AppStore|iPhone
		{172F81E2-64BA-42D3-99DC-3CFE7A6561E6}.AppStore|iPhone.Build.0 = AppStore|iPhone
		{172F81E2-64BA-42D3-99DC-3CFE7A6561E6}.AppStore|iPhoneSimulator.ActiveCfg = AppStore|iPhoneSimulator
		{172F81E2-64BA-42D3-99DC-3CFE7A6561E6}.AppStore|iPhoneSimulator.Build.0 = AppStore|iPhoneSimulator
		{172F81E2-64BA-42D3-99DC-3CFE7A6561E6}.AppStore|x64.ActiveCfg = AppStore|iPhone
		{172F81E2-64BA-42D3-99DC-3CFE7A6561E6}.AppStore|x86.ActiveCfg = AppStore|iPhone
		{172F81E2-64BA-42D3-99DC-3CFE7A6561E6}.Debug|Any CPU.ActiveCfg = Debug|iPhone
		{172F81E2-64BA-42D3-99DC-3CFE7A6561E6}.Debug|ARM.ActiveCfg = Debug|iPhone
		{172F81E2-64BA-42D3-99DC-3CFE7A6561E6}.Debug|iPhone.ActiveCfg = Debug|iPhone
		{172F81E2-64BA-42D3-99DC-3CFE7A6561E6}.Debug|iPhone.Build.0 = Debug|iPhone
		{172F81E2-64BA-42D3-99DC-3CFE7A6561E6}.Debug|iPhoneSimulator.ActiveCfg = Debug|iPhoneSimulator
		{172F81E2-64BA-42D3-99DC-3CFE7A6561E6}.Debug|iPhoneSimulator.Build.0 = Debug|iPhoneSimulator
		{172F81E2-64BA-42D3-99DC-3CFE7A6561E6}.Debug|x64.ActiveCfg = Debug|iPhone
		{172F81E2-64BA-42D3-99DC-3CFE7A6561E6}.Debug|x86.ActiveCfg = Debug|iPhone
		{172F81E2-64BA-42D3-99DC-3CFE7A6561E6}.Release|Any CPU.ActiveCfg = Release|iPhone
		{172F81E2-64BA-42D3-99DC-3CFE7A6561E6}.Release|ARM.ActiveCfg = Release|iPhone
		{172F81E2-64BA-42D3-99DC-3CFE7A6561E6}.Release|iPhone.ActiveCfg = Release|iPhone
		{172F81E2-64BA-42D3-99DC-3CFE7A6561E6}.Release|iPhone.Build.0 = Release|iPhone
		{172F81E2-64BA-42D3-99DC-3CFE7A6561E6}.Release|iPhoneSimulator.ActiveCfg = Release|iPhoneSimulator
		{172F81E2-64BA-42D3-99DC-3CFE7A6561E6}.Release|iPhoneSimulator.Build.0 = Release|iPhoneSimulator
		{172F81E2-64BA-42D3-99DC-3CFE7A6561E6}.Release|x64.ActiveCfg = Release|iPhone
		{172F81E2-64BA-42D3-99DC-3CFE7A6561E6}.Release|x86.ActiveCfg = Release|iPhone
		{646721A5-AA2E-401F-90FC-DC4AAB1F1392}.Ad-Hoc|Any CPU.ActiveCfg = Release|x86
		{646721A5-AA2E-401F-90FC-DC4AAB1F1392}.Ad-Hoc|Any CPU.Build.0 = Release|x86
		{646721A5-AA2E-401F-90FC-DC4AAB1F1392}.Ad-Hoc|Any CPU.Deploy.0 = Release|x86
		{646721A5-AA2E-401F-90FC-DC4AAB1F1392}.Ad-Hoc|ARM.ActiveCfg = Release|ARM
		{646721A5-AA2E-401F-90FC-DC4AAB1F1392}.Ad-Hoc|ARM.Build.0 = Release|ARM
		{646721A5-AA2E-401F-90FC-DC4AAB1F1392}.Ad-Hoc|ARM.Deploy.0 = Release|ARM
		{646721A5-AA2E-401F-90FC-DC4AAB1F1392}.Ad-Hoc|iPhone.ActiveCfg = Release|x86
		{646721A5-AA2E-401F-90FC-DC4AAB1F1392}.Ad-Hoc|iPhone.Build.0 = Release|x86
		{646721A5-AA2E-401F-90FC-DC4AAB1F1392}.Ad-Hoc|iPhone.Deploy.0 = Release|x86
		{646721A5-AA2E-401F-90FC-DC4AAB1F1392}.Ad-Hoc|iPhoneSimulator.ActiveCfg = Release|x86
		{646721A5-AA2E-401F-90FC-DC4AAB1F1392}.Ad-Hoc|iPhoneSimulator.Build.0 = Release|x86
		{646721A5-AA2E-401F-90FC-DC4AAB1F1392}.Ad-Hoc|iPhoneSimulator.Deploy.0 = Release|x86
		{646721A5-AA2E-401F-90FC-DC4AAB1F1392}.Ad-Hoc|x64.ActiveCfg = Release|x64
		{646721A5-AA2E-401F-90FC-DC4AAB1F1392}.Ad-Hoc|x64.Build.0 = Release|x64
		{646721A5-AA2E-401F-90FC-DC4AAB1F1392}.Ad-Hoc|x64.Deploy.0 = Release|x64
		{646721A5-AA2E-401F-90FC-DC4AAB1F1392}.Ad-Hoc|x86.ActiveCfg = Release|x86
		{646721A5-AA2E-401F-90FC-DC4AAB1F1392}.Ad-Hoc|x86.Build.0 = Release|x86
		{646721A5-AA2E-401F-90FC-DC4AAB1F1392}.Ad-Hoc|x86.Deploy.0 = Release|x86
		{646721A5-AA2E-401F-90FC-DC4AAB1F1392}.AppStore|Any CPU.ActiveCfg = Release|x86
		{646721A5-AA2E-401F-90FC-DC4AAB1F1392}.AppStore|Any CPU.Build.0 = Release|x86
		{646721A5-AA2E-401F-90FC-DC4AAB1F1392}.AppStore|Any CPU.Deploy.0 = Release|x86
		{646721A5-AA2E-401F-90FC-DC4AAB1F1392}.AppStore|ARM.ActiveCfg = Release|ARM
		{646721A5-AA2E-401F-90FC-DC4AAB1F1392}.AppStore|ARM.Build.0 = Release|ARM
		{646721A5-AA2E-401F-90FC-DC4AAB1F1392}.AppStore|ARM.Deploy.0 = Release|ARM
		{646721A5-AA2E-401F-90FC-DC4AAB1F1392}.AppStore|iPhone.ActiveCfg = Release|x86
		{646721A5-AA2E-401F-90FC-DC4AAB1F1392}.AppStore|iPhone.Build.0 = Release|x86
		{646721A5-AA2E-401F-90FC-DC4AAB1F1392}.AppStore|iPhone.Deploy.0 = Release|x86
		{646721A5-AA2E-401F-90FC-DC4AAB1F1392}.AppStore|iPhoneSimulator.ActiveCfg = Release|x86
		{646721A5-AA2E-401F-90FC-DC4AAB1F1392}.AppStore|iPhoneSimulator.Build.0 = Release|x86
		{646721A5-AA2E-401F-90FC-DC4AAB1F1392}.AppStore|iPhoneSimulator.Deploy.0 = Release|x86
		{646721A5-AA2E-401F-90FC-DC4AAB1F1392}.AppStore|x64.ActiveCfg = Release|x64
		{646721A5-AA2E-401F-90FC-DC4AAB1F1392}.AppStore|x64.Build.0 = Release|x64
		{646721A5-AA2E-401F-90FC-DC4AAB1F1392}.AppStore|x64.Deploy.0 = Release|x64
		{646721A5-AA2E-401F-90FC-DC4AAB1F1392}.AppStore|x86.ActiveCfg = Release|x86
		{646721A5-AA2E-401F-90FC-DC4AAB1F1392}.AppStore|x86.Build.0 = Release|x86
		{646721A5-AA2E-401F-90FC-DC4AAB1F1392}.AppStore|x86.Deploy.0 = Release|x86
		{646721A5-AA2E-401F-90FC-DC4AAB1F1392}.Debug|Any CPU.ActiveCfg = Debug|x86
		{646721A5-AA2E-401F-90FC-DC4AAB1F1392}.Debug|ARM.ActiveCfg = Debug|ARM
		{646721A5-AA2E-401F-90FC-DC4AAB1F1392}.Debug|ARM.Build.0 = Debug|ARM
		{646721A5-AA2E-401F-90FC-DC4AAB1F1392}.Debug|ARM.Deploy.0 = Debug|ARM
		{646721A5-AA2E-401F-90FC-DC4AAB1F1392}.Debug|iPhone.ActiveCfg = Debug|x86
		{646721A5-AA2E-401F-90FC-DC4AAB1F1392}.Debug|iPhoneSimulator.ActiveCfg = Debug|x86
		{646721A5-AA2E-401F-90FC-DC4AAB1F1392}.Debug|x64.ActiveCfg = Debug|x64
		{646721A5-AA2E-401F-90FC-DC4AAB1F1392}.Debug|x64.Build.0 = Debug|x64
		{646721A5-AA2E-401F-90FC-DC4AAB1F1392}.Debug|x64.Deploy.0 = Debug|x64
		{646721A5-AA2E-401F-90FC-DC4AAB1F1392}.Debug|x86.ActiveCfg = Debug|x86
		{646721A5-AA2E-401F-90FC-DC4AAB1F1392}.Debug|x86.Build.0 = Debug|x86
		{646721A5-AA2E-401F-90FC-DC4AAB1F1392}.Debug|x86.Deploy.0 = Debug|x86
		{646721A5-AA2E-401F-90FC-DC4AAB1F1392}.Release|Any CPU.ActiveCfg = Release|x86
		{646721A5-AA2E-401F-90FC-DC4AAB1F1392}.Release|ARM.ActiveCfg = Release|ARM
		{646721A5-AA2E-401F-90FC-DC4AAB1F1392}.Release|ARM.Build.0 = Release|ARM
		{646721A5-AA2E-401F-90FC-DC4AAB1F1392}.Release|ARM.Deploy.0 = Release|ARM
		{646721A5-AA2E-401F-90FC-DC4AAB1F1392}.Release|iPhone.ActiveCfg = Release|x86
		{646721A5-AA2E-401F-90FC-DC4AAB1F1392}.Release|iPhoneSimulator.ActiveCfg = Release|x86
		{646721A5-AA2E-401F-90FC-DC4AAB1F1392}.Release|x64.ActiveCfg = Release|x64
		{646721A5-AA2E-401F-90FC-DC4AAB1F1392}.Release|x64.Build.0 = Release|x64
		{646721A5-AA2E-401F-90FC-DC4AAB1F1392}.Release|x64.Deploy.0 = Release|x64
		{646721A5-AA2E-401F-90FC-DC4AAB1F1392}.Release|x86.ActiveCfg = Release|x86
		{646721A5-AA2E-401F-90FC-DC4AAB1F1392}.Release|x86.Build.0 = Release|x86
		{646721A5-AA2E-401F-90FC-DC4AAB1F1392}.Release|x86.Deploy.0 = Release|x86
		{0E1B21D5-105D-4D3B-AC50-89E3C8DD0CCB}.Ad-Hoc|Any CPU.ActiveCfg = Debug|Any CPU
		{0E1B21D5-105D-4D3B-AC50-89E3C8DD0CCB}.Ad-Hoc|Any CPU.Build.0 = Debug|Any CPU
		{0E1B21D5-105D-4D3B-AC50-89E3C8DD0CCB}.Ad-Hoc|ARM.ActiveCfg = Debug|Any CPU
		{0E1B21D5-105D-4D3B-AC50-89E3C8DD0CCB}.Ad-Hoc|ARM.Build.0 = Debug|Any CPU
		{0E1B21D5-105D-4D3B-AC50-89E3C8DD0CCB}.Ad-Hoc|iPhone.ActiveCfg = Debug|Any CPU
		{0E1B21D5-105D-4D3B-AC50-89E3C8DD0CCB}.Ad-Hoc|iPhone.Build.0 = Debug|Any CPU
		{0E1B21D5-105D-4D3B-AC50-89E3C8DD0CCB}.Ad-Hoc|iPhoneSimulator.ActiveCfg = Debug|Any CPU
		{0E1B21D5-105D-4D3B-AC50-89E3C8DD0CCB}.Ad-Hoc|iPhoneSimulator.Build.0 = Debug|Any CPU
		{0E1B21D5-105D-4D3B-AC50-89E3C8DD0CCB}.Ad-Hoc|x64.ActiveCfg = Debug|Any CPU
		{0E1B21D5-105D-4D3B-AC50-89E3C8DD0CCB}.Ad-Hoc|x64.Build.0 = Debug|Any CPU
		{0E1B21D5-105D-4D3B-AC50-89E3C8DD0CCB}.Ad-Hoc|x86.ActiveCfg = Debug|Any CPU
		{0E1B21D5-105D-4D3B-AC50-89E3C8DD0CCB}.Ad-Hoc|x86.Build.0 = Debug|Any CPU
		{0E1B21D5-105D-4D3B-AC50-89E3C8DD0CCB}.AppStore|Any CPU.ActiveCfg = Debug|Any CPU
		{0E1B21D5-105D-4D3B-AC50-89E3C8DD0CCB}.AppStore|Any CPU.Build.0 = Debug|Any CPU
		{0E1B21D5-105D-4D3B-AC50-89E3C8DD0CCB}.AppStore|ARM.ActiveCfg = Debug|Any CPU
		{0E1B21D5-105D-4D3B-AC50-89E3C8DD0CCB}.AppStore|ARM.Build.0 = Debug|Any CPU
		{0E1B21D5-105D-4D3B-AC50-89E3C8DD0CCB}.AppStore|iPhone.ActiveCfg = Debug|Any CPU
		{0E1B21D5-105D-4D3B-AC50-89E3C8DD0CCB}.AppStore|iPhone.Build.0 = Debug|Any CPU
		{0E1B21D5-105D-4D3B-AC50-89E3C8DD0CCB}.AppStore|iPhoneSimulator.ActiveCfg = Debug|Any CPU
		{0E1B21D5-105D-4D3B-AC50-89E3C8DD0CCB}.AppStore|iPhoneSimulator.Build.0 = Debug|Any CPU
		{0E1B21D5-105D-4D3B-AC50-89E3C8DD0CCB}.AppStore|x64.ActiveCfg = Debug|Any CPU
		{0E1B21D5-105D-4D3B-AC50-89E3C8DD0CCB}.AppStore|x64.Build.0 = Debug|Any CPU
		{0E1B21D5-105D-4D3B-AC50-89E3C8DD0CCB}.AppStore|x86.ActiveCfg = Debug|Any CPU
		{0E1B21D5-105D-4D3B-AC50-89E3C8DD0CCB}.AppStore|x86.Build.0 = Debug|Any CPU
		{0E1B21D5-105D-4D3B-AC50-89E3C8DD0CCB}.Debug|Any CPU.ActiveCfg = Debug|Any CPU
		{0E1B21D5-105D-4D3B-AC50-89E3C8DD0CCB}.Debug|Any CPU.Build.0 = Debug|Any CPU
		{0E1B21D5-105D-4D3B-AC50-89E3C8DD0CCB}.Debug|ARM.ActiveCfg = Debug|Any CPU
		{0E1B21D5-105D-4D3B-AC50-89E3C8DD0CCB}.Debug|ARM.Build.0 = Debug|Any CPU
		{0E1B21D5-105D-4D3B-AC50-89E3C8DD0CCB}.Debug|iPhone.ActiveCfg = Debug|Any CPU
		{0E1B21D5-105D-4D3B-AC50-89E3C8DD0CCB}.Debug|iPhone.Build.0 = Debug|Any CPU
		{0E1B21D5-105D-4D3B-AC50-89E3C8DD0CCB}.Debug|iPhoneSimulator.ActiveCfg = Debug|Any CPU
		{0E1B21D5-105D-4D3B-AC50-89E3C8DD0CCB}.Debug|iPhoneSimulator.Build.0 = Debug|Any CPU
		{0E1B21D5-105D-4D3B-AC50-89E3C8DD0CCB}.Debug|x64.ActiveCfg = Debug|Any CPU
		{0E1B21D5-105D-4D3B-AC50-89E3C8DD0CCB}.Debug|x64.Build.0 = Debug|Any CPU
		{0E1B21D5-105D-4D3B-AC50-89E3C8DD0CCB}.Debug|x86.ActiveCfg = Debug|Any CPU
		{0E1B21D5-105D-4D3B-AC50-89E3C8DD0CCB}.Debug|x86.Build.0 = Debug|Any CPU
		{0E1B21D5-105D-4D3B-AC50-89E3C8DD0CCB}.Release|Any CPU.ActiveCfg = Release|Any CPU
		{0E1B21D5-105D-4D3B-AC50-89E3C8DD0CCB}.Release|Any CPU.Build.0 = Release|Any CPU
		{0E1B21D5-105D-4D3B-AC50-89E3C8DD0CCB}.Release|ARM.ActiveCfg = Release|Any CPU
		{0E1B21D5-105D-4D3B-AC50-89E3C8DD0CCB}.Release|ARM.Build.0 = Release|Any CPU
		{0E1B21D5-105D-4D3B-AC50-89E3C8DD0CCB}.Release|iPhone.ActiveCfg = Release|Any CPU
		{0E1B21D5-105D-4D3B-AC50-89E3C8DD0CCB}.Release|iPhone.Build.0 = Release|Any CPU
		{0E1B21D5-105D-4D3B-AC50-89E3C8DD0CCB}.Release|iPhoneSimulator.ActiveCfg = Release|Any CPU
		{0E1B21D5-105D-4D3B-AC50-89E3C8DD0CCB}.Release|iPhoneSimulator.Build.0 = Release|Any CPU
		{0E1B21D5-105D-4D3B-AC50-89E3C8DD0CCB}.Release|x64.ActiveCfg = Release|Any CPU
		{0E1B21D5-105D-4D3B-AC50-89E3C8DD0CCB}.Release|x64.Build.0 = Release|Any CPU
		{0E1B21D5-105D-4D3B-AC50-89E3C8DD0CCB}.Release|x86.ActiveCfg = Release|Any CPU
		{0E1B21D5-105D-4D3B-AC50-89E3C8DD0CCB}.Release|x86.Build.0 = Release|Any CPU
	EndGlobalSection
	GlobalSection(SolutionProperties) = preSolution
		HideSolutionNode = FALSE
	EndGlobalSection
	GlobalSection(ExtensibilityGlobals) = postSolution
		SolutionGuid = {9B389A1F-1459-433D-9D79-DD59DC9DE2FF}
	EndGlobalSection
EndGlobal
